packages:
  - name: codegen
    package: dbt-labs/codegen
    version: 0.14.1
  - name: dbt_utils
    package: dbt-labs/dbt_utils
    version: 1.3.3
  - name: audit_helper
    package: dbt-labs/audit_helper
    version: 0.14.0
  - name: dbt_meta_testing
    package: tnightengale/dbt_meta_testing
    version: 0.4.0
sha1_hash: 20726723c02c2bea8ef1d9c615a8527ce0d3493e
